
Microsoft Visual Studio Solution File, Format Version 12.00
# Visual Studio Version 17
VisualStudioVersion = 17.14.36221.1 d17.14
MinimumVisualStudioVersion = 10.0.40219.1
Project("{FAE04EC0-301F-11D3-BF4B-00C04F79EFBC}") = "Converter Celsius para Fahrenheit", "Converter Celsius para Fahrenheit\Converter Celsius para Fahrenheit.csproj", "{CA14538F-38D0-46C1-B684-2778BEFA29DB}"
EndProject
Global
	GlobalSection(SolutionConfigurationPlatforms) = preSolution
		Debug|Any CPU = Debug|Any CPU
		Release|Any CPU = Release|Any CPU
	EndGlobalSection
	GlobalSection(ProjectConfigurationPlatforms) = postSolution
		{CA14538F-38D0-46C1-B684-2778BEFA29DB}.Debug|Any CPU.ActiveCfg = Debug|Any CPU
		{CA14538F-38D0-46C1-B684-2778BEFA29DB}.Debug|Any CPU.Build.0 = Debug|Any CPU
		{CA14538F-38D0-46C1-B684-2778BEFA29DB}.Release|Any CPU.ActiveCfg = Release|Any CPU
		{CA14538F-38D0-46C1-B684-2778BEFA29DB}.Release|Any CPU.Build.0 = Release|Any CPU
	EndGlobalSection
	GlobalSection(SolutionProperties) = preSolution
		HideSolutionNode = FALSE
	EndGlobalSection
	GlobalSection(ExtensibilityGlobals) = postSolution
		SolutionGuid = {20EB1C24-07BC-4B5F-A325-B730E8E0FEB4}
	EndGlobalSection
EndGlobal
