
Microsoft Visual Studio Solution File, Format Version 12.00
# Visual Studio Version 17
VisualStudioVersion = 17.14.36221.1 d17.14
MinimumVisualStudioVersion = 10.0.40219.1
Project("{FAE04EC0-301F-11D3-BF4B-00C04F79EFBC}") = "Exercício 12 - Conversão Kilos em Dias", "Exercício 12 - Conversão Kilos em Dias\Exercício 12 - Conversão Kilos em Dias.csproj", "{889C5E12-6B70-4D19-A7BC-CD5F0B3D81BF}"
EndProject
Global
	GlobalSection(SolutionConfigurationPlatforms) = preSolution
		Debug|Any CPU = Debug|Any CPU
		Release|Any CPU = Release|Any CPU
	EndGlobalSection
	GlobalSection(ProjectConfigurationPlatforms) = postSolution
		{889C5E12-6B70-4D19-A7BC-CD5F0B3D81BF}.Debug|Any CPU.ActiveCfg = Debug|Any CPU
		{889C5E12-6B70-4D19-A7BC-CD5F0B3D81BF}.Debug|Any CPU.Build.0 = Debug|Any CPU
		{889C5E12-6B70-4D19-A7BC-CD5F0B3D81BF}.Release|Any CPU.ActiveCfg = Release|Any CPU
		{889C5E12-6B70-4D19-A7BC-CD5F0B3D81BF}.Release|Any CPU.Build.0 = Release|Any CPU
	EndGlobalSection
	GlobalSection(SolutionProperties) = preSolution
		HideSolutionNode = FALSE
	EndGlobalSection
	GlobalSection(ExtensibilityGlobals) = postSolution
		SolutionGuid = {5B950A4D-9829-490A-A7B4-313662F89783}
	EndGlobalSection
EndGlobal
